
Microsoft Visual Studio Solution File, Format Version 12.00
# Visual Studio Version 16
VisualStudioVersion = 16.0.29001.49
MinimumVisualStudioVersion = 15.0.26124.0
Project("{2150E333-8FDC-42A3-9474-1A3956D46DE8}") = "src", "src", "{4199801A-6CBA-466B-B421-8D2544116438}"
EndProject
Project("{6EC3EE1D-3C4E-46DD-8F32-0CC8E7565705}") = "LlkGrammar", "src\LlkGrammar\LlkGrammar.fsproj", "{420C4C26-9428-41DD-AD55-4620F86668A8}"
EndProject
Project("{6EC3EE1D-3C4E-46DD-8F32-0CC8E7565705}") = "LlkParserBootstrap", "src\LlkParserBootstrap\LlkParserBootstrap.fsproj", "{3FB5B019-E339-4159-8BDE-F78A95949358}"
EndProject
Project("{6EC3EE1D-3C4E-46DD-8F32-0CC8E7565705}") = "LelekParser", "src\LelekParser\LelekParser.fsproj", "{4D853B81-2869-43B6-9CB1-10A90CF62165}"
EndProject
Project("{6EC3EE1D-3C4E-46DD-8F32-0CC8E7565705}") = "ParseTreeVisualization", "src\ParseTreeVisualization\ParseTreeVisualization.fsproj", "{63EE42BA-5791-4443-8872-A6FAF7C3DF71}"
EndProject
Project("{6EC3EE1D-3C4E-46DD-8F32-0CC8E7565705}") = "LlkBootstrap", "src\LlkBootstrap\LlkBootstrap.fsproj", "{AFD3B0FF-50AE-4F2F-9234-8B2F096B02E6}"
EndProject
Project("{6EC3EE1D-3C4E-46DD-8F32-0CC8E7565705}") = "Lelek", "src\Lelek\Lelek.fsproj", "{E9966816-681E-4393-90B2-A91129E0D111}"
EndProject
Project("{6EC3EE1D-3C4E-46DD-8F32-0CC8E7565705}") = "LelekBS", "src\LelekBS\LelekBS.fsproj", "{95D7EEBF-0E3E-4119-8A80-AAD7DF8251E1}"
EndProject
Project("{2150E333-8FDC-42A3-9474-1A3956D46DE8}") = "examples", "examples", "{6194E313-CFBA-40F6-BCF3-067CB2AEDB11}"
EndProject
Project("{6EC3EE1D-3C4E-46DD-8F32-0CC8E7565705}") = "Calc", "examples\Calc\Calc.fsproj", "{03E39BD6-9CC1-4E62-B087-A9DB0DFC8D91}"
EndProject
Project("{2150E333-8FDC-42A3-9474-1A3956D46DE8}") = "grammars", "grammars", "{40C86CE8-BD02-4BBF-AC09-C6B03DE7C283}"
	ProjectSection(SolutionItems) = preProject
		grammars\altsInOpt.llk = grammars\altsInOpt.llk
		grammars\Calc.llk = grammars\Calc.llk
		grammars\grp.llk = grammars\grp.llk
		grammars\lst.llk = grammars\lst.llk
		grammars\oberon-2.llk = grammars\oberon-2.llk
		grammars\opt.llk = grammars\opt.llk
		grammars\rec.llk = grammars\rec.llk
		grammars\rpt.llk = grammars\rpt.llk
	EndProjectSection
EndProject
Project("{6EC3EE1D-3C4E-46DD-8F32-0CC8E7565705}") = "List", "examples\List\List.fsproj", "{552C4B97-71F4-4FC1-83CF-50ED96EA271E}"
EndProject
Project("{F2A71F9B-5D33-465A-A702-920D77279786}") = "Oberon2", "examples\Oberon2\Oberon2.fsproj", "{AB5D967B-B40C-4CE6-B77C-E1108940FFEA}"
EndProject
Global
	GlobalSection(SolutionConfigurationPlatforms) = preSolution
		Debug|Any CPU = Debug|Any CPU
		Debug|x64 = Debug|x64
		Debug|x86 = Debug|x86
		Release|Any CPU = Release|Any CPU
		Release|x64 = Release|x64
		Release|x86 = Release|x86
	EndGlobalSection
	GlobalSection(ProjectConfigurationPlatforms) = postSolution
		{420C4C26-9428-41DD-AD55-4620F86668A8}.Debug|Any CPU.ActiveCfg = Debug|Any CPU
		{420C4C26-9428-41DD-AD55-4620F86668A8}.Debug|Any CPU.Build.0 = Debug|Any CPU
		{420C4C26-9428-41DD-AD55-4620F86668A8}.Debug|x64.ActiveCfg = Debug|Any CPU
		{420C4C26-9428-41DD-AD55-4620F86668A8}.Debug|x64.Build.0 = Debug|Any CPU
		{420C4C26-9428-41DD-AD55-4620F86668A8}.Debug|x86.ActiveCfg = Debug|Any CPU
		{420C4C26-9428-41DD-AD55-4620F86668A8}.Debug|x86.Build.0 = Debug|Any CPU
		{420C4C26-9428-41DD-AD55-4620F86668A8}.Release|Any CPU.ActiveCfg = Release|Any CPU
		{420C4C26-9428-41DD-AD55-4620F86668A8}.Release|Any CPU.Build.0 = Release|Any CPU
		{420C4C26-9428-41DD-AD55-4620F86668A8}.Release|x64.ActiveCfg = Release|Any CPU
		{420C4C26-9428-41DD-AD55-4620F86668A8}.Release|x64.Build.0 = Release|Any CPU
		{420C4C26-9428-41DD-AD55-4620F86668A8}.Release|x86.ActiveCfg = Release|Any CPU
		{420C4C26-9428-41DD-AD55-4620F86668A8}.Release|x86.Build.0 = Release|Any CPU
		{3FB5B019-E339-4159-8BDE-F78A95949358}.Debug|Any CPU.ActiveCfg = Debug|Any CPU
		{3FB5B019-E339-4159-8BDE-F78A95949358}.Debug|Any CPU.Build.0 = Debug|Any CPU
		{3FB5B019-E339-4159-8BDE-F78A95949358}.Debug|x64.ActiveCfg = Debug|Any CPU
		{3FB5B019-E339-4159-8BDE-F78A95949358}.Debug|x64.Build.0 = Debug|Any CPU
		{3FB5B019-E339-4159-8BDE-F78A95949358}.Debug|x86.ActiveCfg = Debug|Any CPU
		{3FB5B019-E339-4159-8BDE-F78A95949358}.Debug|x86.Build.0 = Debug|Any CPU
		{3FB5B019-E339-4159-8BDE-F78A95949358}.Release|Any CPU.ActiveCfg = Release|Any CPU
		{3FB5B019-E339-4159-8BDE-F78A95949358}.Release|Any CPU.Build.0 = Release|Any CPU
		{3FB5B019-E339-4159-8BDE-F78A95949358}.Release|x64.ActiveCfg = Release|Any CPU
		{3FB5B019-E339-4159-8BDE-F78A95949358}.Release|x64.Build.0 = Release|Any CPU
		{3FB5B019-E339-4159-8BDE-F78A95949358}.Release|x86.ActiveCfg = Release|Any CPU
		{3FB5B019-E339-4159-8BDE-F78A95949358}.Release|x86.Build.0 = Release|Any CPU
		{4D853B81-2869-43B6-9CB1-10A90CF62165}.Debug|Any CPU.ActiveCfg = Debug|Any CPU
		{4D853B81-2869-43B6-9CB1-10A90CF62165}.Debug|Any CPU.Build.0 = Debug|Any CPU
		{4D853B81-2869-43B6-9CB1-10A90CF62165}.Debug|x64.ActiveCfg = Debug|Any CPU
		{4D853B81-2869-43B6-9CB1-10A90CF62165}.Debug|x64.Build.0 = Debug|Any CPU
		{4D853B81-2869-43B6-9CB1-10A90CF62165}.Debug|x86.ActiveCfg = Debug|Any CPU
		{4D853B81-2869-43B6-9CB1-10A90CF62165}.Debug|x86.Build.0 = Debug|Any CPU
		{4D853B81-2869-43B6-9CB1-10A90CF62165}.Release|Any CPU.ActiveCfg = Release|Any CPU
		{4D853B81-2869-43B6-9CB1-10A90CF62165}.Release|Any CPU.Build.0 = Release|Any CPU
		{4D853B81-2869-43B6-9CB1-10A90CF62165}.Release|x64.ActiveCfg = Release|Any CPU
		{4D853B81-2869-43B6-9CB1-10A90CF62165}.Release|x64.Build.0 = Release|Any CPU
		{4D853B81-2869-43B6-9CB1-10A90CF62165}.Release|x86.ActiveCfg = Release|Any CPU
		{4D853B81-2869-43B6-9CB1-10A90CF62165}.Release|x86.Build.0 = Release|Any CPU
		{63EE42BA-5791-4443-8872-A6FAF7C3DF71}.Debug|Any CPU.ActiveCfg = Debug|Any CPU
		{63EE42BA-5791-4443-8872-A6FAF7C3DF71}.Debug|Any CPU.Build.0 = Debug|Any CPU
		{63EE42BA-5791-4443-8872-A6FAF7C3DF71}.Debug|x64.ActiveCfg = Debug|Any CPU
		{63EE42BA-5791-4443-8872-A6FAF7C3DF71}.Debug|x64.Build.0 = Debug|Any CPU
		{63EE42BA-5791-4443-8872-A6FAF7C3DF71}.Debug|x86.ActiveCfg = Debug|Any CPU
		{63EE42BA-5791-4443-8872-A6FAF7C3DF71}.Debug|x86.Build.0 = Debug|Any CPU
		{63EE42BA-5791-4443-8872-A6FAF7C3DF71}.Release|Any CPU.ActiveCfg = Release|Any CPU
		{63EE42BA-5791-4443-8872-A6FAF7C3DF71}.Release|Any CPU.Build.0 = Release|Any CPU
		{63EE42BA-5791-4443-8872-A6FAF7C3DF71}.Release|x64.ActiveCfg = Release|Any CPU
		{63EE42BA-5791-4443-8872-A6FAF7C3DF71}.Release|x64.Build.0 = Release|Any CPU
		{63EE42BA-5791-4443-8872-A6FAF7C3DF71}.Release|x86.ActiveCfg = Release|Any CPU
		{63EE42BA-5791-4443-8872-A6FAF7C3DF71}.Release|x86.Build.0 = Release|Any CPU
		{AFD3B0FF-50AE-4F2F-9234-8B2F096B02E6}.Debug|Any CPU.ActiveCfg = Debug|Any CPU
		{AFD3B0FF-50AE-4F2F-9234-8B2F096B02E6}.Debug|Any CPU.Build.0 = Debug|Any CPU
		{AFD3B0FF-50AE-4F2F-9234-8B2F096B02E6}.Debug|x64.ActiveCfg = Debug|Any CPU
		{AFD3B0FF-50AE-4F2F-9234-8B2F096B02E6}.Debug|x64.Build.0 = Debug|Any CPU
		{AFD3B0FF-50AE-4F2F-9234-8B2F096B02E6}.Debug|x86.ActiveCfg = Debug|Any CPU
		{AFD3B0FF-50AE-4F2F-9234-8B2F096B02E6}.Debug|x86.Build.0 = Debug|Any CPU
		{AFD3B0FF-50AE-4F2F-9234-8B2F096B02E6}.Release|Any CPU.ActiveCfg = Release|Any CPU
		{AFD3B0FF-50AE-4F2F-9234-8B2F096B02E6}.Release|Any CPU.Build.0 = Release|Any CPU
		{AFD3B0FF-50AE-4F2F-9234-8B2F096B02E6}.Release|x64.ActiveCfg = Release|Any CPU
		{AFD3B0FF-50AE-4F2F-9234-8B2F096B02E6}.Release|x64.Build.0 = Release|Any CPU
		{AFD3B0FF-50AE-4F2F-9234-8B2F096B02E6}.Release|x86.ActiveCfg = Release|Any CPU
		{AFD3B0FF-50AE-4F2F-9234-8B2F096B02E6}.Release|x86.Build.0 = Release|Any CPU
		{E9966816-681E-4393-90B2-A91129E0D111}.Debug|Any CPU.ActiveCfg = Debug|Any CPU
		{E9966816-681E-4393-90B2-A91129E0D111}.Debug|Any CPU.Build.0 = Debug|Any CPU
		{E9966816-681E-4393-90B2-A91129E0D111}.Debug|x64.ActiveCfg = Debug|Any CPU
		{E9966816-681E-4393-90B2-A91129E0D111}.Debug|x64.Build.0 = Debug|Any CPU
		{E9966816-681E-4393-90B2-A91129E0D111}.Debug|x86.ActiveCfg = Debug|Any CPU
		{E9966816-681E-4393-90B2-A91129E0D111}.Debug|x86.Build.0 = Debug|Any CPU
		{E9966816-681E-4393-90B2-A91129E0D111}.Release|Any CPU.ActiveCfg = Release|Any CPU
		{E9966816-681E-4393-90B2-A91129E0D111}.Release|Any CPU.Build.0 = Release|Any CPU
		{E9966816-681E-4393-90B2-A91129E0D111}.Release|x64.ActiveCfg = Release|Any CPU
		{E9966816-681E-4393-90B2-A91129E0D111}.Release|x64.Build.0 = Release|Any CPU
		{E9966816-681E-4393-90B2-A91129E0D111}.Release|x86.ActiveCfg = Release|Any CPU
		{E9966816-681E-4393-90B2-A91129E0D111}.Release|x86.Build.0 = Release|Any CPU
		{95D7EEBF-0E3E-4119-8A80-AAD7DF8251E1}.Debug|Any CPU.ActiveCfg = Debug|Any CPU
		{95D7EEBF-0E3E-4119-8A80-AAD7DF8251E1}.Debug|Any CPU.Build.0 = Debug|Any CPU
		{95D7EEBF-0E3E-4119-8A80-AAD7DF8251E1}.Debug|x64.ActiveCfg = Debug|Any CPU
		{95D7EEBF-0E3E-4119-8A80-AAD7DF8251E1}.Debug|x64.Build.0 = Debug|Any CPU
		{95D7EEBF-0E3E-4119-8A80-AAD7DF8251E1}.Debug|x86.ActiveCfg = Debug|Any CPU
		{95D7EEBF-0E3E-4119-8A80-AAD7DF8251E1}.Debug|x86.Build.0 = Debug|Any CPU
		{95D7EEBF-0E3E-4119-8A80-AAD7DF8251E1}.Release|Any CPU.ActiveCfg = Release|Any CPU
		{95D7EEBF-0E3E-4119-8A80-AAD7DF8251E1}.Release|Any CPU.Build.0 = Release|Any CPU
		{95D7EEBF-0E3E-4119-8A80-AAD7DF8251E1}.Release|x64.ActiveCfg = Release|Any CPU
		{95D7EEBF-0E3E-4119-8A80-AAD7DF8251E1}.Release|x64.Build.0 = Release|Any CPU
		{95D7EEBF-0E3E-4119-8A80-AAD7DF8251E1}.Release|x86.ActiveCfg = Release|Any CPU
		{95D7EEBF-0E3E-4119-8A80-AAD7DF8251E1}.Release|x86.Build.0 = Release|Any CPU
		{03E39BD6-9CC1-4E62-B087-A9DB0DFC8D91}.Debug|Any CPU.ActiveCfg = Debug|Any CPU
		{03E39BD6-9CC1-4E62-B087-A9DB0DFC8D91}.Debug|Any CPU.Build.0 = Debug|Any CPU
		{03E39BD6-9CC1-4E62-B087-A9DB0DFC8D91}.Debug|x64.ActiveCfg = Debug|Any CPU
		{03E39BD6-9CC1-4E62-B087-A9DB0DFC8D91}.Debug|x64.Build.0 = Debug|Any CPU
		{03E39BD6-9CC1-4E62-B087-A9DB0DFC8D91}.Debug|x86.ActiveCfg = Debug|Any CPU
		{03E39BD6-9CC1-4E62-B087-A9DB0DFC8D91}.Debug|x86.Build.0 = Debug|Any CPU
		{03E39BD6-9CC1-4E62-B087-A9DB0DFC8D91}.Release|Any CPU.ActiveCfg = Release|Any CPU
		{03E39BD6-9CC1-4E62-B087-A9DB0DFC8D91}.Release|Any CPU.Build.0 = Release|Any CPU
		{03E39BD6-9CC1-4E62-B087-A9DB0DFC8D91}.Release|x64.ActiveCfg = Release|Any CPU
		{03E39BD6-9CC1-4E62-B087-A9DB0DFC8D91}.Release|x64.Build.0 = Release|Any CPU
		{03E39BD6-9CC1-4E62-B087-A9DB0DFC8D91}.Release|x86.ActiveCfg = Release|Any CPU
		{03E39BD6-9CC1-4E62-B087-A9DB0DFC8D91}.Release|x86.Build.0 = Release|Any CPU
		{552C4B97-71F4-4FC1-83CF-50ED96EA271E}.Debug|Any CPU.ActiveCfg = Debug|Any CPU
		{552C4B97-71F4-4FC1-83CF-50ED96EA271E}.Debug|Any CPU.Build.0 = Debug|Any CPU
		{552C4B97-71F4-4FC1-83CF-50ED96EA271E}.Debug|x64.ActiveCfg = Debug|Any CPU
		{552C4B97-71F4-4FC1-83CF-50ED96EA271E}.Debug|x64.Build.0 = Debug|Any CPU
		{552C4B97-71F4-4FC1-83CF-50ED96EA271E}.Debug|x86.ActiveCfg = Debug|Any CPU
		{552C4B97-71F4-4FC1-83CF-50ED96EA271E}.Debug|x86.Build.0 = Debug|Any CPU
		{552C4B97-71F4-4FC1-83CF-50ED96EA271E}.Release|Any CPU.ActiveCfg = Release|Any CPU
		{552C4B97-71F4-4FC1-83CF-50ED96EA271E}.Release|Any CPU.Build.0 = Release|Any CPU
		{552C4B97-71F4-4FC1-83CF-50ED96EA271E}.Release|x64.ActiveCfg = Release|Any CPU
		{552C4B97-71F4-4FC1-83CF-50ED96EA271E}.Release|x64.Build.0 = Release|Any CPU
		{552C4B97-71F4-4FC1-83CF-50ED96EA271E}.Release|x86.ActiveCfg = Release|Any CPU
		{552C4B97-71F4-4FC1-83CF-50ED96EA271E}.Release|x86.Build.0 = Release|Any CPU
		{AB5D967B-B40C-4CE6-B77C-E1108940FFEA}.Debug|Any CPU.ActiveCfg = Debug|Any CPU
		{AB5D967B-B40C-4CE6-B77C-E1108940FFEA}.Debug|Any CPU.Build.0 = Debug|Any CPU
		{AB5D967B-B40C-4CE6-B77C-E1108940FFEA}.Debug|x64.ActiveCfg = Debug|Any CPU
		{AB5D967B-B40C-4CE6-B77C-E1108940FFEA}.Debug|x64.Build.0 = Debug|Any CPU
		{AB5D967B-B40C-4CE6-B77C-E1108940FFEA}.Debug|x86.ActiveCfg = Debug|Any CPU
		{AB5D967B-B40C-4CE6-B77C-E1108940FFEA}.Debug|x86.Build.0 = Debug|Any CPU
		{AB5D967B-B40C-4CE6-B77C-E1108940FFEA}.Release|Any CPU.ActiveCfg = Release|Any CPU
		{AB5D967B-B40C-4CE6-B77C-E1108940FFEA}.Release|Any CPU.Build.0 = Release|Any CPU
		{AB5D967B-B40C-4CE6-B77C-E1108940FFEA}.Release|x64.ActiveCfg = Release|Any CPU
		{AB5D967B-B40C-4CE6-B77C-E1108940FFEA}.Release|x64.Build.0 = Release|Any CPU
		{AB5D967B-B40C-4CE6-B77C-E1108940FFEA}.Release|x86.ActiveCfg = Release|Any CPU
		{AB5D967B-B40C-4CE6-B77C-E1108940FFEA}.Release|x86.Build.0 = Release|Any CPU
	EndGlobalSection
	GlobalSection(SolutionProperties) = preSolution
		HideSolutionNode = FALSE
	EndGlobalSection
	GlobalSection(NestedProjects) = preSolution
		{420C4C26-9428-41DD-AD55-4620F86668A8} = {4199801A-6CBA-466B-B421-8D2544116438}
		{3FB5B019-E339-4159-8BDE-F78A95949358} = {4199801A-6CBA-466B-B421-8D2544116438}
		{4D853B81-2869-43B6-9CB1-10A90CF62165} = {4199801A-6CBA-466B-B421-8D2544116438}
		{63EE42BA-5791-4443-8872-A6FAF7C3DF71} = {4199801A-6CBA-466B-B421-8D2544116438}
		{AFD3B0FF-50AE-4F2F-9234-8B2F096B02E6} = {4199801A-6CBA-466B-B421-8D2544116438}
		{E9966816-681E-4393-90B2-A91129E0D111} = {4199801A-6CBA-466B-B421-8D2544116438}
		{95D7EEBF-0E3E-4119-8A80-AAD7DF8251E1} = {4199801A-6CBA-466B-B421-8D2544116438}
		{03E39BD6-9CC1-4E62-B087-A9DB0DFC8D91} = {6194E313-CFBA-40F6-BCF3-067CB2AEDB11}
		{552C4B97-71F4-4FC1-83CF-50ED96EA271E} = {6194E313-CFBA-40F6-BCF3-067CB2AEDB11}
		{AB5D967B-B40C-4CE6-B77C-E1108940FFEA} = {6194E313-CFBA-40F6-BCF3-067CB2AEDB11}
	EndGlobalSection
	GlobalSection(ExtensibilityGlobals) = postSolution
		SolutionGuid = {9975AACB-D8E8-445C-94B6-A0D1153052BA}
	EndGlobalSection
EndGlobal
